// !$*UTF8*$!
{
	archiveVersion = 1;
	classes = {
	};
	objectVersion = 46;
	objects = {

/* Begin PBXBuildFile section */
		184F69671BD3373A00CEE599 /* main.m in Sources */ = {isa = PBXBuildFile; fileRef = 184F69661BD3373A00CEE599 /* main.m */; };
		184F696A1BD3373A00CEE599 /* AppDelegate.m in Sources */ = {isa = PBXBuildFile; fileRef = 184F69691BD3373A00CEE599 /* AppDelegate.m */; };
		184F696D1BD3373A00CEE599 /* ViewController.m in Sources */ = {isa = PBXBuildFile; fileRef = 184F696C1BD3373A00CEE599 /* ViewController.m */; };
		184F69701BD3373A00CEE599 /* Main.storyboard in Resources */ = {isa = PBXBuildFile; fileRef = 184F696E1BD3373A00CEE599 /* Main.storyboard */; };
		184F69721BD3373A00CEE599 /* Assets.xcassets in Resources */ = {isa = PBXBuildFile; fileRef = 184F69711BD3373A00CEE599 /* Assets.xcassets */; };
		184F69751BD3373A00CEE599 /* LaunchScreen.storyboard in Resources */ = {isa = PBXBuildFile; fileRef = 184F69731BD3373A00CEE599 /* LaunchScreen.storyboard */; };
		184F69801BD3373A00CEE599 /* _1_______Tests.m in Sources */ = {isa = PBXBuildFile; fileRef = 184F697F1BD3373A00CEE599 /* _1_______Tests.m */; };
		184F698B1BD3373A00CEE599 /* _1_______UITests.m in Sources */ = {isa = PBXBuildFile; fileRef = 184F698A1BD3373A00CEE599 /* _1_______UITests.m */; };
		184F699A1BD337DE00CEE599 /* NSObject+Caculate.m in Sources */ = {isa = PBXBuildFile; fileRef = 184F69991BD337DE00CEE599 /* NSObject+Caculate.m */; settings = {ASSET_TAGS = (); }; };
		184F699D1BD3390500CEE599 /* CaculateManager.m in Sources */ = {isa = PBXBuildFile; fileRef = 184F699C1BD3390500CEE599 /* CaculateManager.m */; settings = {ASSET_TAGS = (); }; };
/* End PBXBuildFile section */

/* Begin PBXContainerItemProxy section */
		184F697C1BD3373A00CEE599 /* PBXContainerItemProxy */ = {
			isa = PBXContainerItemProxy;
			containerPortal = 184F695A1BD3373A00CEE599 /* Project object */;
			proxyType = 1;
			remoteGlobalIDString = 184F69611BD3373A00CEE599;
			remoteInfo = "01-链式编程思想";
		};
		184F69871BD3373A00CEE599 /* PBXContainerItemProxy */ = {
			isa = PBXContainerItemProxy;
			containerPortal = 184F695A1BD3373A00CEE599 /* Project object */;
			proxyType = 1;
			remoteGlobalIDString = 184F69611BD3373A00CEE599;
			remoteInfo = "01-链式编程思想";
		};
/* End PBXContainerItemProxy section */

/* Begin PBXFileReference section */
		184F69621BD3373A00CEE599 /* 01-链式编程思想.app */ = {isa = PBXFileReference; explicitFileType = wrapper.application; includeInIndex = 0; path = "01-链式编程思想.app"; sourceTree = BUILT_PRODUCTS_DIR; };
		184F69661BD3373A00CEE599 /* main.m */ = {isa = PBXFileReference; lastKnownFileType = sourcecode.c.objc; path = main.m; sourceTree = "<group>"; };
		184F69681BD3373A00CEE599 /* AppDelegate.h */ = {isa = PBXFileReference; lastKnownFileType = sourcecode.c.h; path = AppDelegate.h; sourceTree = "<group>"; };
		184F69691BD3373A00CEE599 /* AppDelegate.m */ = {isa = PBXFileReference; lastKnownFileType = sourcecode.c.objc; path = AppDelegate.m; sourceTree = "<group>"; };
		184F696B1BD3373A00CEE599 /* ViewController.h */ = {isa = PBXFileReference; lastKnownFileType = sourcecode.c.h; path = ViewController.h; sourceTree = "<group>"; };
		184F696C1BD3373A00CEE599 /* ViewController.m */ = {isa = PBXFileReference; lastKnownFileType = sourcecode.c.objc; path = ViewController.m; sourceTree = "<group>"; };
		184F696F1BD3373A00CEE599 /* Base */ = {isa = PBXFileReference; lastKnownFileType = file.storyboard; name = Base; path = Base.lproj/Main.storyboard; sourceTree = "<group>"; };
		184F69711BD3373A00CEE599 /* Assets.xcassets */ = {isa = PBXFileReference; lastKnownFileType = folder.assetcatalog; path = Assets.xcassets; sourceTree = "<group>"; };
		184F69741BD3373A00CEE599 /* Base */ = {isa = PBXFileReference; lastKnownFileType = file.storyboard; name = Base; path = Base.lproj/LaunchScreen.storyboard; sourceTree = "<group>"; };
		184F69761BD3373A00CEE599 /* Info.plist */ = {isa = PBXFileReference; lastKnownFileType = text.plist.xml; path = Info.plist; sourceTree = "<group>"; };
		184F697B1BD3373A00CEE599 /* 01-链式编程思想Tests.xctest */ = {isa = PBXFileReference; explicitFileType = wrapper.cfbundle; includeInIndex = 0; path = "01-链式编程思想Tests.xctest"; sourceTree = BUILT_PRODUCTS_DIR; };
		184F697F1BD3373A00CEE599 /* _1_______Tests.m */ = {isa = PBXFileReference; lastKnownFileType = sourcecode.c.objc; path = "_1_______Tests.m"; sourceTree = "<group>"; };
		184F69811BD3373A00CEE599 /* Info.plist */ = {isa = PBXFileReference; lastKnownFileType = text.plist.xml; path = Info.plist; sourceTree = "<group>"; };
		184F69861BD3373A00CEE599 /* 01-链式编程思想UITests.xctest */ = {isa = PBXFileReference; explicitFileType = wrapper.cfbundle; includeInIndex = 0; path = "01-链式编程思想UITests.xctest"; sourceTree = BUILT_PRODUCTS_DIR; };
		184F698A1BD3373A00CEE599 /* _1_______UITests.m */ = {isa = PBXFileReference; lastKnownFileType = sourcecode.c.objc; path = "_1_______UITests.m"; sourceTree = "<group>"; };
		184F698C1BD3373A00CEE599 /* Info.plist */ = {isa = PBXFileReference; lastKnownFileType = text.plist.xml; path = Info.plist; sourceTree = "<group>"; };
		184F69981BD337DE00CEE599 /* NSObject+Caculate.h */ = {isa = PBXFileReference; fileEncoding = 4; lastKnownFileType = sourcecode.c.h; path = "NSObject+Caculate.h"; sourceTree = "<group>"; };
		184F69991BD337DE00CEE599 /* NSObject+Caculate.m */ = {isa = PBXFileReference; fileEncoding = 4; lastKnownFileType = sourcecode.c.objc; path = "NSObject+Caculate.m"; sourceTree = "<group>"; };
		184F699B1BD3390500CEE599 /* CaculateManager.h */ = {isa = PBXFileReference; fileEncoding = 4; lastKnownFileType = sourcecode.c.h; path = CaculateManager.h; sourceTree = "<group>"; };
		184F699C1BD3390500CEE599 /* CaculateManager.m */ = {isa = PBXFileReference; fileEncoding = 4; lastKnownFileType = sourcecode.c.objc; path = CaculateManager.m; sourceTree = "<group>"; };
/* End PBXFileReference section */

/* Begin PBXFrameworksBuildPhase section */
		184F695F1BD3373A00CEE599 /* Frameworks */ = {
			isa = PBXFrameworksBuildPhase;
			buildActionMask = 2147483647;
			files = (
			);
			runOnlyForDeploymentPostprocessing = 0;
		};
		184F69781BD3373A00CEE599 /* Frameworks */ = {
			isa = PBXFrameworksBuildPhase;
			buildActionMask = 2147483647;
			files = (
			);
			runOnlyForDeploymentPostprocessing = 0;
		};
		184F69831BD3373A00CEE599 /* Frameworks */ = {
			isa = PBXFrameworksBuildPhase;
			buildActionMask = 2147483647;
			files = (
			);
			runOnlyForDeploymentPostprocessing = 0;
		};
/* End PBXFrameworksBuildPhase section */

/* Begin PBXGroup section */
		184F69591BD3373A00CEE599 = {
			isa = PBXGroup;
			children = (
				184F69641BD3373A00CEE599 /* 01-链式编程思想 */,
				184F697E1BD3373A00CEE599 /* 01-链式编程思想Tests */,
				184F69891BD3373A00CEE599 /* 01-链式编程思想UITests */,
				184F69631BD3373A00CEE599 /* Products */,
			);
			sourceTree = "<group>";
		};
		184F69631BD3373A00CEE599 /* Products */ = {
			isa = PBXGroup;
			children = (
				184F69621BD3373A00CEE599 /* 01-链式编程思想.app */,
				184F697B1BD3373A00CEE599 /* 01-链式编程思想Tests.xctest */,
				184F69861BD3373A00CEE599 /* 01-链式编程思想UITests.xctest */,
			);
			name = Products;
			sourceTree = "<group>";
		};
		184F69641BD3373A00CEE599 /* 01-链式编程思想 */ = {
			isa = PBXGroup;
			children = (
				184F69681BD3373A00CEE599 /* AppDelegate.h */,
				184F69691BD3373A00CEE599 /* AppDelegate.m */,
				184F696B1BD3373A00CEE599 /* ViewController.h */,
				184F696C1BD3373A00CEE599 /* ViewController.m */,
				184F696E1BD3373A00CEE599 /* Main.storyboard */,
				184F69711BD3373A00CEE599 /* Assets.xcassets */,
				184F69731BD3373A00CEE599 /* LaunchScreen.storyboard */,
				184F69761BD3373A00CEE599 /* Info.plist */,
				184F69651BD3373A00CEE599 /* Supporting Files */,
				184F69981BD337DE00CEE599 /* NSObject+Caculate.h */,
				184F69991BD337DE00CEE599 /* NSObject+Caculate.m */,
				184F699B1BD3390500CEE599 /* CaculateManager.h */,
				184F699C1BD3390500CEE599 /* CaculateManager.m */,
			);
			path = "01-链式编程思想";
			sourceTree = "<group>";
		};
		184F69651BD3373A00CEE599 /* Supporting Files */ = {
			isa = PBXGroup;
			children = (
				184F69661BD3373A00CEE599 /* main.m */,
			);
			name = "Supporting Files";
			sourceTree = "<group>";
		};
		184F697E1BD3373A00CEE599 /* 01-链式编程思想Tests */ = {
			isa = PBXGroup;
			children = (
				184F697F1BD3373A00CEE599 /* _1_______Tests.m */,
				184F69811BD3373A00CEE599 /* Info.plist */,
			);
			path = "01-链式编程思想Tests";
			sourceTree = "<group>";
		};
		184F69891BD3373A00CEE599 /* 01-链式编程思想UITests */ = {
			isa = PBXGroup;
			children = (
				184F698A1BD3373A00CEE599 /* _1_______UITests.m */,
				184F698C1BD3373A00CEE599 /* Info.plist */,
			);
			path = "01-链式编程思想UITests";
			sourceTree = "<group>";
		};
/* End PBXGroup section */

/* Begin PBXNativeTarget section */
		184F69611BD3373A00CEE599 /* 01-链式编程思想 */ = {
			isa = PBXNativeTarget;
			buildConfigurationList = 184F698F1BD3373A00CEE599 /* Build configuration list for PBXNativeTarget "01-链式编程思想" */;
			buildPhases = (
				184F695E1BD3373A00CEE599 /* Sources */,
				184F695F1BD3373A00CEE599 /* Frameworks */,
				184F69601BD3373A00CEE599 /* Resources */,
			);
			buildRules = (
			);
			dependencies = (
			);
			name = "01-链式编程思想";
			productName = "01-链式编程思想";
			productReference = 184F69621BD3373A00CEE599 /* 01-链式编程思想.app */;
			productType = "com.apple.product-type.application";
		};
		184F697A1BD3373A00CEE599 /* 01-链式编程思想Tests */ = {
			isa = PBXNativeTarget;
			buildConfigurationList = 184F69921BD3373A00CEE599 /* Build configuration list for PBXNativeTarget "01-链式编程思想Tests" */;
			buildPhases = (
				184F69771BD3373A00CEE599 /* Sources */,
				184F69781BD3373A00CEE599 /* Frameworks */,
				184F69791BD3373A00CEE599 /* Resources */,
			);
			buildRules = (
			);
			dependencies = (
				184F697D1BD3373A00CEE599 /* PBXTargetDependency */,
			);
			name = "01-链式编程思想Tests";
			productName = "01-链式编程思想Tests";
			productReference = 184F697B1BD3373A00CEE599 /* 01-链式编程思想Tests.xctest */;
			productType = "com.apple.product-type.bundle.unit-test";
		};
		184F69851BD3373A00CEE599 /* 01-链式编程思想UITests */ = {
			isa = PBXNativeTarget;
			buildConfigurationList = 184F69951BD3373A00CEE599 /* Build configuration list for PBXNativeTarget "01-链式编程思想UITests" */;
			buildPhases = (
				184F69821BD3373A00CEE599 /* Sources */,
				184F69831BD3373A00CEE599 /* Frameworks */,
				184F69841BD3373A00CEE599 /* Resources */,
			);
			buildRules = (
			);
			dependencies = (
				184F69881BD3373A00CEE599 /* PBXTargetDependency */,
			);
			name = "01-链式编程思想UITests";
			productName = "01-链式编程思想UITests";
			productReference = 184F69861BD3373A00CEE599 /* 01-链式编程思想UITests.xctest */;
			productType = "com.apple.product-type.bundle.ui-testing";
		};
/* End PBXNativeTarget section */

/* Begin PBXProject section */
		184F695A1BD3373A00CEE599 /* Project object */ = {
			isa = PBXProject;
			attributes = {
				LastUpgradeCheck = 0700;
				ORGANIZATIONNAME = "小码哥";
				TargetAttributes = {
					184F69611BD3373A00CEE599 = {
						CreatedOnToolsVersion = 7.0;
					};
					184F697A1BD3373A00CEE599 = {
						CreatedOnToolsVersion = 7.0;
						TestTargetID = 184F69611BD3373A00CEE599;
					};
					184F69851BD3373A00CEE599 = {
						CreatedOnToolsVersion = 7.0;
						TestTargetID = 184F69611BD3373A00CEE599;
					};
				};
			};
			buildConfigurationList = 184F695D1BD3373A00CEE599 /* Build configuration list for PBXProject "01-链式编程思想" */;
			compatibilityVersion = "Xcode 3.2";
			developmentRegion = English;
			hasScannedForEncodings = 0;
			knownRegions = (
				en,
				Base,
			);
			mainGroup = 184F69591BD3373A00CEE599;
			productRefGroup = 184F69631BD3373A00CEE599 /* Products */;
			projectDirPath = "";
			projectRoot = "";
			targets = (
				184F69611BD3373A00CEE599 /* 01-链式编程思想 */,
				184F697A1BD3373A00CEE599 /* 01-链式编程思想Tests */,
				184F69851BD3373A00CEE599 /* 01-链式编程思想UITests */,
			);
		};
/* End PBXProject section */

/* Begin PBXResourcesBuildPhase section */
		184F69601BD3373A00CEE599 /* Resources */ = {
			isa = PBXResourcesBuildPhase;
			buildActionMask = 2147483647;
			files = (
				184F69751BD3373A00CEE599 /* LaunchScreen.storyboard in Resources */,
				184F69721BD3373A00CEE599 /* Assets.xcassets in Resources */,
				184F69701BD3373A00CEE599 /* Main.storyboard in Resources */,
			);
			runOnlyForDeploymentPostprocessing = 0;
		};
		184F69791BD3373A00CEE599 /* Resources */ = {
			isa = PBXResourcesBuildPhase;
			buildActionMask = 2147483647;
			files = (
			);
			runOnlyForDeploymentPostprocessing = 0;
		};
		184F69841BD3373A00CEE599 /* Resources */ = {
			isa = PBXResourcesBuildPhase;
			buildActionMask = 2147483647;
			files = (
			);
			runOnlyForDeploymentPostprocessing = 0;
		};
/* End PBXResourcesBuildPhase section */

/* Begin PBXSourcesBuildPhase section */
		184F695E1BD3373A00CEE599 /* Sources */ = {
			isa = PBXSourcesBuildPhase;
			buildActionMask = 2147483647;
			files = (
				184F696D1BD3373A00CEE599 /* ViewController.m in Sources */,
				184F696A1BD3373A00CEE599 /* AppDelegate.m in Sources */,
				184F69671BD3373A00CEE599 /* main.m in Sources */,
				184F699D1BD3390500CEE599 /* CaculateManager.m in Sources */,
				184F699A1BD337DE00CEE599 /* NSObject+Caculate.m in Sources */,
			);
			runOnlyForDeploymentPostprocessing = 0;
		};
		184F69771BD3373A00CEE599 /* Sources */ = {
			isa = PBXSourcesBuildPhase;
			buildActionMask = 2147483647;
			files = (
				184F69801BD3373A00CEE599 /* _1_______Tests.m in Sources */,
			);
			runOnlyForDeploymentPostprocessing = 0;
		};
		184F69821BD3373A00CEE599 /* Sources */ = {
			isa = PBXSourcesBuildPhase;
			buildActionMask = 2147483647;
			files = (
				184F698B1BD3373A00CEE599 /* _1_______UITests.m in Sources */,
			);
			runOnlyForDeploymentPostprocessing = 0;
		};
/* End PBXSourcesBuildPhase section */

/* Begin PBXTargetDependency section */
		184F697D1BD3373A00CEE599 /* PBXTargetDependency */ = {
			isa = PBXTargetDependency;
			target = 184F69611BD3373A00CEE599 /* 01-链式编程思想 */;
			targetProxy = 184F697C1BD3373A00CEE599 /* PBXContainerItemProxy */;
		};
		184F69881BD3373A00CEE599 /* PBXTargetDependency */ = {
			isa = PBXTargetDependency;
			target = 184F69611BD3373A00CEE599 /* 01-链式编程思想 */;
			targetProxy = 184F69871BD3373A00CEE599 /* PBXContainerItemProxy */;
		};
/* End PBXTargetDependency section */

/* Begin PBXVariantGroup section */
		184F696E1BD3373A00CEE599 /* Main.storyboard */ = {
			isa = PBXVariantGroup;
			children = (
				184F696F1BD3373A00CEE599 /* Base */,
			);
			name = Main.storyboard;
			sourceTree = "<group>";
		};
		184F69731BD3373A00CEE599 /* LaunchScreen.storyboard */ = {
			isa = PBXVariantGroup;
			children = (
				184F69741BD3373A00CEE599 /* Base */,
			);
			name = LaunchScreen.storyboard;
			sourceTree = "<group>";
		};
/* End PBXVariantGroup section */

/* Begin XCBuildConfiguration section */
		184F698D1BD3373A00CEE599 /* Debug */ = {
			isa = XCBuildConfiguration;
			buildSettings = {
				ALWAYS_SEARCH_USER_PATHS = NO;
				CLANG_CXX_LANGUAGE_STANDARD = "gnu++0x";
				CLANG_CXX_LIBRARY = "libc++";
				CLANG_ENABLE_MODULES = YES;
				CLANG_ENABLE_OBJC_ARC = YES;
				CLANG_WARN_BOOL_CONVERSION = YES;
				CLANG_WARN_CONSTANT_CONVERSION = YES;
				CLANG_WARN_DIRECT_OBJC_ISA_USAGE = YES_ERROR;
				CLANG_WARN_EMPTY_BODY = YES;
				CLANG_WARN_ENUM_CONVERSION = YES;
				CLANG_WARN_INT_CONVERSION = YES;
				CLANG_WARN_OBJC_ROOT_CLASS = YES_ERROR;
				CLANG_WARN_UNREACHABLE_CODE = YES;
				CLANG_WARN__DUPLICATE_METHOD_MATCH = YES;
				"CODE_SIGN_IDENTITY[sdk=iphoneos*]" = "iPhone Developer";
				COPY_PHASE_STRIP = NO;
				DEBUG_INFORMATION_FORMAT = dwarf;
				ENABLE_STRICT_OBJC_MSGSEND = YES;
				ENABLE_TESTABILITY = YES;
				GCC_C_LANGUAGE_STANDARD = gnu99;
				GCC_DYNAMIC_NO_PIC = NO;
				GCC_NO_COMMON_BLOCKS = YES;
				GCC_OPTIMIZATION_LEVEL = 0;
				GCC_PREPROCESSOR_DEFINITIONS = (
					"DEBUG=1",
					"$(inherited)",
				);
				GCC_WARN_64_TO_32_BIT_CONVERSION = YES;
				GCC_WARN_ABOUT_RETURN_TYPE = YES_ERROR;
				GCC_WARN_UNDECLARED_SELECTOR = YES;
				GCC_WARN_UNINITIALIZED_AUTOS = YES_AGGRESSIVE;
				GCC_WARN_UNUSED_FUNCTION = YES;
				GCC_WARN_UNUSED_VARIABLE = YES;
				IPHONEOS_DEPLOYMENT_TARGET = 9.0;
				MTL_ENABLE_DEBUG_INFO = YES;
				ONLY_ACTIVE_ARCH = YES;
				SDKROOT = iphoneos;
			};
			name = Debug;
		};
		184F698E1BD3373A00CEE599 /* Release */ = {
			isa = XCBuildConfiguration;
			buildSettings = {
				ALWAYS_SEARCH_USER_PATHS = NO;
				CLANG_CXX_LANGUAGE_STANDARD = "gnu++0x";
				CLANG_CXX_LIBRARY = "libc++";
				CLANG_ENABLE_MODULES = YES;
				CLANG_ENABLE_OBJC_ARC = YES;
				CLANG_WARN_BOOL_CONVERSION = YES;
				CLANG_WARN_CONSTANT_CONVERSION = YES;
				CLANG_WARN_DIRECT_OBJC_ISA_USAGE = YES_ERROR;
				CLANG_WARN_EMPTY_BODY = YES;
				CLANG_WARN_ENUM_CONVERSION = YES;
				CLANG_WARN_INT_CONVERSION = YES;
				CLANG_WARN_OBJC_ROOT_CLASS = YES_ERROR;
				CLANG_WARN_UNREACHABLE_CODE = YES;
				CLANG_WARN__DUPLICATE_METHOD_MATCH = YES;
				"CODE_SIGN_IDENTITY[sdk=iphoneos*]" = "iPhone Developer";
				COPY_PHASE_STRIP = NO;
				DEBUG_INFORMATION_FORMAT = "dwarf-with-dsym";
				ENABLE_NS_ASSERTIONS = NO;
				ENABLE_STRICT_OBJC_MSGSEND = YES;
				GCC_C_LANGUAGE_STANDARD = gnu99;
				GCC_NO_COMMON_BLOCKS = YES;
				GCC_WARN_64_TO_32_BIT_CONVERSION = YES;
				GCC_WARN_ABOUT_RETURN_TYPE = YES_ERROR;
				GCC_WARN_UNDECLARED_SELECTOR = YES;
				GCC_WARN_UNINITIALIZED_AUTOS = YES_AGGRESSIVE;
				GCC_WARN_UNUSED_FUNCTION = YES;
				GCC_WARN_UNUSED_VARIABLE = YES;
				IPHONEOS_DEPLOYMENT_TARGET = 9.0;
				MTL_ENABLE_DEBUG_INFO = NO;
				SDKROOT = iphoneos;
				VALIDATE_PRODUCT = YES;
			};
			name = Release;
		};
		184F69901BD3373A00CEE599 /* Debug */ = {
			isa = XCBuildConfiguration;
			buildSettings = {
				ASSETCATALOG_COMPILER_APPICON_NAME = AppIcon;
				INFOPLIST_FILE = "01-链式编程思想/Info.plist";
				LD_RUNPATH_SEARCH_PATHS = "$(inherited) @executable_path/Frameworks";
				PRODUCT_BUNDLE_IDENTIFIER = "com.520it.-1-------";
				PRODUCT_NAME = "$(TARGET_NAME)";
			};
			name = Debug;
		};
		184F69911BD3373A00CEE599 /* Release */ = {
			isa = XCBuildConfiguration;
			buildSettings = {
				ASSETCATALOG_COMPILER_APPICON_NAME = AppIcon;
				INFOPLIST_FILE = "01-链式编程思想/Info.plist";
				LD_RUNPATH_SEARCH_PATHS = "$(inherited) @executable_path/Frameworks";
				PRODUCT_BUNDLE_IDENTIFIER = "com.520it.-1-------";
				PRODUCT_NAME = "$(TARGET_NAME)";
			};
			name = Release;
		};
		184F69931BD3373A00CEE599 /* Debug */ = {
			isa = XCBuildConfiguration;
			buildSettings = {
				BUNDLE_LOADER = "$(TEST_HOST)";
				INFOPLIST_FILE = "01-链式编程思想Tests/Info.plist";
				LD_RUNPATH_SEARCH_PATHS = "$(inherited) @executable_path/Frameworks @loader_path/Frameworks";
				PRODUCT_BUNDLE_IDENTIFIER = "com.520it.-1-------Tests";
				PRODUCT_NAME = "$(TARGET_NAME)";
				TEST_HOST = "$(BUILT_PRODUCTS_DIR)/01-链式编程思想.app/01-链式编程思想";
			};
			name = Debug;
		};
		184F69941BD3373A00CEE599 /* Release */ = {
			isa = XCBuildConfiguration;
			buildSettings = {
				BUNDLE_LOADER = "$(TEST_HOST)";
				INFOPLIST_FILE = "01-链式编程思想Tests/Info.plist";
				LD_RUNPATH_SEARCH_PATHS = "$(inherited) @executable_path/Frameworks @loader_path/Frameworks";
				PRODUCT_BUNDLE_IDENTIFIER = "com.520it.-1-------Tests";
				PRODUCT_NAME = "$(TARGET_NAME)";
				TEST_HOST = "$(BUILT_PRODUCTS_DIR)/01-链式编程思想.app/01-链式编程思想";
			};
			name = Release;
		};
		184F69961BD3373A00CEE599 /* Debug */ = {
			isa = XCBuildConfiguration;
			buildSettings = {
				INFOPLIST_FILE = "01-链式编程思想UITests/Info.plist";
				LD_RUNPATH_SEARCH_PATHS = "$(inherited) @executable_path/Frameworks @loader_path/Frameworks";
				PRODUCT_BUNDLE_IDENTIFIER = "com.520it.-1-------UITests";
				PRODUCT_NAME = "$(TARGET_NAME)";
				TEST_TARGET_NAME = "01-链式编程思想";
				USES_XCTRUNNER = YES;
			};
			name = Debug;
		};
		184F69971BD3373A00CEE599 /* Release */ = {
			isa = XCBuildConfiguration;
			buildSettings = {
				INFOPLIST_FILE = "01-链式编程思想UITests/Info.plist";
				LD_RUNPATH_SEARCH_PATHS = "$(inherited) @executable_path/Frameworks @loader_path/Frameworks";
				PRODUCT_BUNDLE_IDENTIFIER = "com.520it.-1-------UITests";
				PRODUCT_NAME = "$(TARGET_NAME)";
				TEST_TARGET_NAME = "01-链式编程思想";
				USES_XCTRUNNER = YES;
			};
			name = Release;
		};
/* End XCBuildConfiguration section */

/* Begin XCConfigurationList section */
		184F695D1BD3373A00CEE599 /* Build configuration list for PBXProject "01-链式编程思想" */ = {
			isa = XCConfigurationList;
			buildConfigurations = (
				184F698D1BD3373A00CEE599 /* Debug */,
				184F698E1BD3373A00CEE599 /* Release */,
			);
			defaultConfigurationIsVisible = 0;
			defaultConfigurationName = Release;
		};
		184F698F1BD3373A00CEE599 /* Build configuration list for PBXNativeTarget "01-链式编程思想" */ = {
			isa = XCConfigurationList;
			buildConfigurations = (
				184F69901BD3373A00CEE599 /* Debug */,
				184F69911BD3373A00CEE599 /* Release */,
			);
			defaultConfigurationIsVisible = 0;
		};
		184F69921BD3373A00CEE599 /* Build configuration list for PBXNativeTarget "01-链式编程思想Tests" */ = {
			isa = XCConfigurationList;
			buildConfigurations = (
				184F69931BD3373A00CEE599 /* Debug */,
				184F69941BD3373A00CEE599 /* Release */,
			);
			defaultConfigurationIsVisible = 0;
		};
		184F69951BD3373A00CEE599 /* Build configuration list for PBXNativeTarget "01-链式编程思想UITests" */ = {
			isa = XCConfigurationList;
			buildConfigurations = (
				184F69961BD3373A00CEE599 /* Debug */,
				184F69971BD3373A00CEE599 /* Release */,
			);
			defaultConfigurationIsVisible = 0;
		};
/* End XCConfigurationList section */
	};
	rootObject = 184F695A1BD3373A00CEE599 /* Project object */;
}
